PODS:
  - AFNetworking (2.5.0):
    - AFNetworking/NSURLConnection (= 2.5.0)
    - AFNetworking/NSURLSession (= 2.5.0)
    - AFNetworking/Reachability (= 2.5.0)
    - AFNetworking/Security (= 2.5.0)
    - AFNetworking/Serialization (= 2.5.0)
    - AFNetworking/UIKit (= 2.5.0)
  - AFNetworking/NSURLConnection (2.5.0):
    - AFNetworking/Reachability
    - AFNetworking/Security
    - AFNetworking/Serialization
  - AFNetworking/NSURLSession (2.5.0):
    - AFNetworking/Reachability
    - AFNetworking/Security
    - AFNetworking/Serialization
  - AFNetworking/Reachability (2.5.0)
  - AFNetworking/Security (2.5.0)
  - AFNetworking/Serialization (2.5.0)
  - AFNetworking/UIKit (2.5.0):
    - AFNetworking/NSURLConnection
    - AFNetworking/NSURLSession
  - RKRollCrawl (0.1.1)
  - TWTSideMenuViewController (0.3)
  - WYPopoverController (0.2.2)

DEPENDENCIES:
  - AFNetworking (~> 2.4)
  - RKRollCrawl
  - TWTSideMenuViewController (from `https://github.com/twotoasters/TWTSideMenuViewController.git`,
    tag `v0.3`)
  - WYPopoverController (~> 0.2.2)

EXTERNAL SOURCES:
  TWTSideMenuViewController:
    :git: https://github.com/twotoasters/TWTSideMenuViewController.git
    :tag: v0.3

CHECKOUT OPTIONS:
  TWTSideMenuViewController:
    :git: https://github.com/twotoasters/TWTSideMenuViewController.git
    :tag: v0.3

SPEC CHECKSUMS:
  AFNetworking: 96ac9bf3eda33582701cb1fcc5b896aa1e20311e
  RKRollCrawl: 52e76d166eb9f9920a592120826e56b4dba3b006
  TWTSideMenuViewController: 29cecc7896d9d430dba70a1c45b35f4ddd8c6f1e
  WYPopoverController: 00d879c25bddd1fd873dcc21aa98c8308d7f1555

COCOAPODS: 0.36.4
